lockfileVersion: '9.0'

settings:
  autoInstallPeers: true
  excludeLinksFromLockfile: false

importers:

  .:
    devDependencies:
      '@types/vscode':
        specifier: ^1.85.0
        version: 1.138.0

packages:

  '@types/vscode@1.138.0':
    resolution: {integrity: sha512-DhlvrucJa8n6EHst7qQcXOcjLKs/VRTQy55plLO+RN74jonYsr/t9dd66zBnAyz1tpDig0okQAxuoPHpVNje2g==}

snapshots:

  '@types/vscode@1.138.0': {}
